// !$*UTF8*$!
{
	archiveVersion = 1;
	classes = {
	};
	objectVersion = 56;
	objects = {

/* Begin PBXBuildFile section */
		EC1B215B2A2B501E002B93F1 /* FavoriteButton.swift in Sources */ = {isa = PBXBuildFile; fileRef = EC1B215A2A2B501E002B93F1 /* FavoriteButton.swift */; };
		EC1B215D2A2B7576002B93F1 /* HexagonParameters.swift in Sources */ = {isa = PBXBuildFile; fileRef = EC1B215C2A2B7576002B93F1 /* HexagonParameters.swift */; };
		EC1B215F2A2B764A002B93F1 /* BadgeBackground.swift in Sources */ = {isa = PBXBuildFile; fileRef = EC1B215E2A2B764A002B93F1 /* BadgeBackground.swift */; };
		EC1B21612A2B7AF5002B93F1 /* BadgeSymbol.swift in Sources */ = {isa = PBXBuildFile; fileRef = EC1B21602A2B7AF5002B93F1 /* BadgeSymbol.swift */; };
		EC1B21632A2B7B64002B93F1 /* RotatedBadgeSymbol.swift in Sources */ = {isa = PBXBuildFile; fileRef = EC1B21622A2B7B64002B93F1 /* RotatedBadgeSymbol.swift */; };
		EC1B21652A2B7B91002B93F1 /* Badge.swift in Sources */ = {isa = PBXBuildFile; fileRef = EC1B21642A2B7B91002B93F1 /* Badge.swift */; };
		EC245B8E2A2A5C4400160D83 /* SwiftUITutorialApp.swift in Sources */ = {isa = PBXBuildFile; fileRef = EC245B8D2A2A5C4400160D83 /* SwiftUITutorialApp.swift */; };
		EC245B902A2A5C4400160D83 /* ContentView.swift in Sources */ = {isa = PBXBuildFile; fileRef = EC245B8F2A2A5C4400160D83 /* ContentView.swift */; };
		EC245B922A2A5C4600160D83 /* Assets.xcassets in Resources */ = {isa = PBXBuildFile; fileRef = EC245B912A2A5C4600160D83 /* Assets.xcassets */; };
		EC245B952A2A5C4600160D83 /* Preview Assets.xcassets in Resources */ = {isa = PBXBuildFile; fileRef = EC245B942A2A5C4600160D83 /* Preview Assets.xcassets */; };
		EC245B9C2A2A6E7900160D83 /* CircleImage.swift in Sources */ = {isa = PBXBuildFile; fileRef = EC245B9B2A2A6E7900160D83 /* CircleImage.swift */; };
		EC245B9E2A2A6F1A00160D83 /* MapView.swift in Sources */ = {isa = PBXBuildFile; fileRef = EC245B9D2A2A6F1A00160D83 /* MapView.swift */; };
		EC245BA02A2A772700160D83 /* landmarkData.json in Resources */ = {isa = PBXBuildFile; fileRef = EC245B9F2A2A772700160D83 /* landmarkData.json */; };
		EC245BA22A2A774200160D83 /* Landmark.swift in Sources */ = {isa = PBXBuildFile; fileRef = EC245BA12A2A774200160D83 /* Landmark.swift */; };
		EC245BA42A2A7B9A00160D83 /* ModelData.swift in Sources */ = {isa = PBXBuildFile; fileRef = EC245BA32A2A7B9A00160D83 /* ModelData.swift */; };
		EC245BA92A2A820B00160D83 /* LandmarkRow.swift in Sources */ = {isa = PBXBuildFile; fileRef = EC245BA82A2A820B00160D83 /* LandmarkRow.swift */; };
		EC245BAB2A2A832700160D83 /* LandmarkList.swift in Sources */ = {isa = PBXBuildFile; fileRef = EC245BAA2A2A832700160D83 /* LandmarkList.swift */; };
		EC245BAD2A2A83EC00160D83 /* LandmarkDetail.swift in Sources */ = {isa = PBXBuildFile; fileRef = EC245BAC2A2A83EC00160D83 /* LandmarkDetail.swift */; };
		EC33E8572A2BB0000088A857 /* hikeData.json in Resources */ = {isa = PBXBuildFile; fileRef = EC33E8562A2BB0000088A857 /* hikeData.json */; };
		EC33E8592A2BB0230088A857 /* Hike.swift in Sources */ = {isa = PBXBuildFile; fileRef = EC33E8582A2BB0230088A857 /* Hike.swift */; };
		EC33E85F2A2BBE3C0088A857 /* GraphCapsule.swift in Sources */ = {isa = PBXBuildFile; fileRef = EC33E85B2A2BBE3C0088A857 /* GraphCapsule.swift */; };
		EC33E8602A2BBE3C0088A857 /* HikeGraph.swift in Sources */ = {isa = PBXBuildFile; fileRef = EC33E85C2A2BBE3C0088A857 /* HikeGraph.swift */; };
		EC33E8612A2BBE3C0088A857 /* HikeDetail.swift in Sources */ = {isa = PBXBuildFile; fileRef = EC33E85D2A2BBE3C0088A857 /* HikeDetail.swift */; };
		EC33E8622A2BBE3C0088A857 /* HikeView.swift in Sources */ = {isa = PBXBuildFile; fileRef = EC33E85E2A2BBE3C0088A857 /* HikeView.swift */; };
/* End PBXBuildFile section */

/* Begin PBXFileReference section */
		EC1B215A2A2B501E002B93F1 /* FavoriteButton.swift */ = {isa = PBXFileReference; lastKnownFileType = sourcecode.swift; path = FavoriteButton.swift; sourceTree = "<group>"; };
		EC1B215C2A2B7576002B93F1 /* HexagonParameters.swift */ = {isa = PBXFileReference; lastKnownFileType = sourcecode.swift; path = HexagonParameters.swift; sourceTree = "<group>"; };
		EC1B215E2A2B764A002B93F1 /* BadgeBackground.swift */ = {isa = PBXFileReference; lastKnownFileType = sourcecode.swift; path = BadgeBackground.swift; sourceTree = "<group>"; };
		EC1B21602A2B7AF5002B93F1 /* BadgeSymbol.swift */ = {isa = PBXFileReference; lastKnownFileType = sourcecode.swift; path = BadgeSymbol.swift; sourceTree = "<group>"; };
		EC1B21622A2B7B64002B93F1 /* RotatedBadgeSymbol.swift */ = {isa = PBXFileReference; lastKnownFileType = sourcecode.swift; path = RotatedBadgeSymbol.swift; sourceTree = "<group>"; };
		EC1B21642A2B7B91002B93F1 /* Badge.swift */ = {isa = PBXFileReference; lastKnownFileType = sourcecode.swift; path = Badge.swift; sourceTree = "<group>"; };
		EC245B8A2A2A5C4400160D83 /* SwiftUITutorial.app */ = {isa = PBXFileReference; explicitFileType = wrapper.application; includeInIndex = 0; path = SwiftUITutorial.app; sourceTree = BUILT_PRODUCTS_DIR; };
		EC245B8D2A2A5C4400160D83 /* SwiftUITutorialApp.swift */ = {isa = PBXFileReference; lastKnownFileType = sourcecode.swift; path = SwiftUITutorialApp.swift; sourceTree = "<group>"; };
		EC245B8F2A2A5C4400160D83 /* ContentView.swift */ = {isa = PBXFileReference; lastKnownFileType = sourcecode.swift; path = ContentView.swift; sourceTree = "<group>"; };
		EC245B912A2A5C4600160D83 /* Assets.xcassets */ = {isa = PBXFileReference; lastKnownFileType = folder.assetcatalog; path = Assets.xcassets; sourceTree = "<group>"; };
		EC245B942A2A5C4600160D83 /* Preview Assets.xcassets */ = {isa = PBXFileReference; lastKnownFileType = folder.assetcatalog; path = "Preview Assets.xcassets"; sourceTree = "<group>"; };
		EC245B9B2A2A6E7900160D83 /* CircleImage.swift */ = {isa = PBXFileReference; lastKnownFileType = sourcecode.swift; path = CircleImage.swift; sourceTree = "<group>"; };
		EC245B9D2A2A6F1A00160D83 /* MapView.swift */ = {isa = PBXFileReference; lastKnownFileType = sourcecode.swift; path = MapView.swift; sourceTree = "<group>"; };
		EC245B9F2A2A772700160D83 /* landmarkData.json */ = {isa = PBXFileReference; fileEncoding = 4; lastKnownFileType = text.json; path = landmarkData.json; sourceTree = "<group>"; };
		EC245BA12A2A774200160D83 /* Landmark.swift */ = {isa = PBXFileReference; lastKnownFileType = sourcecode.swift; path = Landmark.swift; sourceTree = "<group>"; };
		EC245BA32A2A7B9A00160D83 /* ModelData.swift */ = {isa = PBXFileReference; lastKnownFileType = sourcecode.swift; path = ModelData.swift; sourceTree = "<group>"; };
		EC245BA82A2A820B00160D83 /* LandmarkRow.swift */ = {isa = PBXFileReference; lastKnownFileType = sourcecode.swift; path = LandmarkRow.swift; sourceTree = "<group>"; };
		EC245BAA2A2A832700160D83 /* LandmarkList.swift */ = {isa = PBXFileReference; lastKnownFileType = sourcecode.swift; path = LandmarkList.swift; sourceTree = "<group>"; };
		EC245BAC2A2A83EC00160D83 /* LandmarkDetail.swift */ = {isa = PBXFileReference; lastKnownFileType = sourcecode.swift; path = LandmarkDetail.swift; sourceTree = "<group>"; };
		EC33E8562A2BB0000088A857 /* hikeData.json */ = {isa = PBXFileReference; fileEncoding = 4; lastKnownFileType = text.json; path = hikeData.json; sourceTree = "<group>"; };
		EC33E8582A2BB0230088A857 /* Hike.swift */ = {isa = PBXFileReference; lastKnownFileType = sourcecode.swift; path = Hike.swift; sourceTree = "<group>"; };
		EC33E85B2A2BBE3C0088A857 /* GraphCapsule.swift */ = {isa = PBXFileReference; fileEncoding = 4; lastKnownFileType = sourcecode.swift; path = GraphCapsule.swift; sourceTree = "<group>"; };
		EC33E85C2A2BBE3C0088A857 /* HikeGraph.swift */ = {isa = PBXFileReference; fileEncoding = 4; lastKnownFileType = sourcecode.swift; path = HikeGraph.swift; sourceTree = "<group>"; };
		EC33E85D2A2BBE3C0088A857 /* HikeDetail.swift */ = {isa = PBXFileReference; fileEncoding = 4; lastKnownFileType = sourcecode.swift; path = HikeDetail.swift; sourceTree = "<group>"; };
		EC33E85E2A2BBE3C0088A857 /* HikeView.swift */ = {isa = PBXFileReference; fileEncoding = 4; lastKnownFileType = sourcecode.swift; path = HikeView.swift; sourceTree = "<group>"; };
/* End PBXFileReference section */

/* Begin PBXFrameworksBuildPhase section */
		EC245B872A2A5C4400160D83 /* Frameworks */ = {
			isa = PBXFrameworksBuildPhase;
			buildActionMask = 2147483647;
			files = (
			);
			runOnlyForDeploymentPostprocessing = 0;
		};
/* End PBXFrameworksBuildPhase section */

/* Begin PBXGroup section */
		EC1B21662A2B7C46002B93F1 /* Badge */ = {
			isa = PBXGroup;
			children = (
				EC1B215E2A2B764A002B93F1 /* BadgeBackground.swift */,
				EC1B21602A2B7AF5002B93F1 /* BadgeSymbol.swift */,
				EC1B21622A2B7B64002B93F1 /* RotatedBadgeSymbol.swift */,
				EC1B21642A2B7B91002B93F1 /* Badge.swift */,
			);
			path = Badge;
			sourceTree = "<group>";
		};
		EC245B812A2A5C4400160D83 = {
			isa = PBXGroup;
			children = (
				EC245B8C2A2A5C4400160D83 /* SwiftUITutorial */,
				EC245B8B2A2A5C4400160D83 /* Products */,
			);
			sourceTree = "<group>";
		};
		EC245B8B2A2A5C4400160D83 /* Products */ = {
			isa = PBXGroup;
			children = (
				EC245B8A2A2A5C4400160D83 /* SwiftUITutorial.app */,
			);
			name = Products;
			sourceTree = "<group>";
		};
		EC245B8C2A2A5C4400160D83 /* SwiftUITutorial */ = {
			isa = PBXGroup;
			children = (
				EC245B8D2A2A5C4400160D83 /* SwiftUITutorialApp.swift */,
				EC245BA52A2A7D2900160D83 /* Views */,
				EC245B912A2A5C4600160D83 /* Assets.xcassets */,
				EC245B932A2A5C4600160D83 /* Preview Content */,
				EC245BA72A2A7D5800160D83 /* Resources */,
				EC245BA62A2A7D4100160D83 /* Models */,
			);
			path = SwiftUITutorial;
			sourceTree = "<group>";
		};
		EC245B932A2A5C4600160D83 /* Preview Content */ = {
			isa = PBXGroup;
			children = (
				EC245B942A2A5C4600160D83 /* Preview Assets.xcassets */,
			);
			path = "Preview Content";
			sourceTree = "<group>";
		};
		EC245BA52A2A7D2900160D83 /* Views */ = {
			isa = PBXGroup;
			children = (
				EC33E85A2A2BBE3C0088A857 /* Hikes */,
				EC245B8F2A2A5C4400160D83 /* ContentView.swift */,
				EC245B9B2A2A6E7900160D83 /* CircleImage.swift */,
				EC245B9D2A2A6F1A00160D83 /* MapView.swift */,
				EC245BA82A2A820B00160D83 /* LandmarkRow.swift */,
				EC245BAA2A2A832700160D83 /* LandmarkList.swift */,
				EC245BAC2A2A83EC00160D83 /* LandmarkDetail.swift */,
				EC1B215A2A2B501E002B93F1 /* FavoriteButton.swift */,
				EC1B215C2A2B7576002B93F1 /* HexagonParameters.swift */,
				EC1B21662A2B7C46002B93F1 /* Badge */,
			);
			path = Views;
			sourceTree = "<group>";
		};
		EC245BA62A2A7D4100160D83 /* Models */ = {
			isa = PBXGroup;
			children = (
				EC245BA12A2A774200160D83 /* Landmark.swift */,
				EC245BA32A2A7B9A00160D83 /* ModelData.swift */,
				EC33E8582A2BB0230088A857 /* Hike.swift */,
			);
			path = Models;
			sourceTree = "<group>";
		};
		EC245BA72A2A7D5800160D83 /* Resources */ = {
			isa = PBXGroup;
			children = (
				EC33E8562A2BB0000088A857 /* hikeData.json */,
				EC245B9F2A2A772700160D83 /* landmarkData.json */,
			);
			path = Resources;
			sourceTree = "<group>";
		};
		EC33E85A2A2BBE3C0088A857 /* Hikes */ = {
			isa = PBXGroup;
			children = (
				EC33E85B2A2BBE3C0088A857 /* GraphCapsule.swift */,
				EC33E85C2A2BBE3C0088A857 /* HikeGraph.swift */,
				EC33E85D2A2BBE3C0088A857 /* HikeDetail.swift */,
				EC33E85E2A2BBE3C0088A857 /* HikeView.swift */,
			);
			path = Hikes;
			sourceTree = "<group>";
		};
/* End PBXGroup section */

/* Begin PBXNativeTarget section */
		EC245B892A2A5C4400160D83 /* SwiftUITutorial */ = {
			isa = PBXNativeTarget;
			buildConfigurationList = EC245B982A2A5C4600160D83 /* Build configuration list for PBXNativeTarget "SwiftUITutorial" */;
			buildPhases = (
				EC245B862A2A5C4400160D83 /* Sources */,
				EC245B872A2A5C4400160D83 /* Frameworks */,
				EC245B882A2A5C4400160D83 /* Resources */,
			);
			buildRules = (
			);
			dependencies = (
			);
			name = SwiftUITutorial;
			productName = SwiftUITutorial;
			productReference = EC245B8A2A2A5C4400160D83 /* SwiftUITutorial.app */;
			productType = "com.apple.product-type.application";
		};
/* End PBXNativeTarget section */

/* Begin PBXProject section */
		EC245B822A2A5C4400160D83 /* Project object */ = {
			isa = PBXProject;
			attributes = {
				BuildIndependentTargetsInParallel = 1;
				LastSwiftUpdateCheck = 1430;
				LastUpgradeCheck = 1430;
				TargetAttributes = {
					EC245B892A2A5C4400160D83 = {
						CreatedOnToolsVersion = 14.3;
					};
				};
			};
			buildConfigurationList = EC245B852A2A5C4400160D83 /* Build configuration list for PBXProject "SwiftUITutorial" */;
			compatibilityVersion = "Xcode 14.0";
			developmentRegion = en;
			hasScannedForEncodings = 0;
			knownRegions = (
				en,
				Base,
			);
			mainGroup = EC245B812A2A5C4400160D83;
			productRefGroup = EC245B8B2A2A5C4400160D83 /* Products */;
			projectDirPath = "";
			projectRoot = "";
			targets = (
				EC245B892A2A5C4400160D83 /* SwiftUITutorial */,
			);
		};
/* End PBXProject section */

/* Begin PBXResourcesBuildPhase section */
		EC245B882A2A5C4400160D83 /* Resources */ = {
			isa = PBXResourcesBuildPhase;
			buildActionMask = 2147483647;
			files = (
				EC33E8572A2BB0000088A857 /* hikeData.json in Resources */,
				EC245B952A2A5C4600160D83 /* Preview Assets.xcassets in Resources */,
				EC245B922A2A5C4600160D83 /* Assets.xcassets in Resources */,
				EC245BA02A2A772700160D83 /* landmarkData.json in Resources */,
			);
			runOnlyForDeploymentPostprocessing = 0;
		};
/* End PBXResourcesBuildPhase section */

/* Begin PBXSourcesBuildPhase section */
		EC245B862A2A5C4400160D83 /* Sources */ = {
			isa = PBXSourcesBuildPhase;
			buildActionMask = 2147483647;
			files = (
				EC245B902A2A5C4400160D83 /* ContentView.swift in Sources */,
				EC33E8602A2BBE3C0088A857 /* HikeGraph.swift in Sources */,
				EC1B21652A2B7B91002B93F1 /* Badge.swift in Sources */,
				EC245B9E2A2A6F1A00160D83 /* MapView.swift in Sources */,
				EC33E85F2A2BBE3C0088A857 /* GraphCapsule.swift in Sources */,
				EC245B8E2A2A5C4400160D83 /* SwiftUITutorialApp.swift in Sources */,
				EC1B215B2A2B501E002B93F1 /* FavoriteButton.swift in Sources */,
				EC33E8612A2BBE3C0088A857 /* HikeDetail.swift in Sources */,
				EC1B215D2A2B7576002B93F1 /* HexagonParameters.swift in Sources */,
				EC33E8592A2BB0230088A857 /* Hike.swift in Sources */,
				EC1B21632A2B7B64002B93F1 /* RotatedBadgeSymbol.swift in Sources */,
				EC1B21612A2B7AF5002B93F1 /* BadgeSymbol.swift in Sources */,
				EC245BAB2A2A832700160D83 /* LandmarkList.swift in Sources */,
				EC33E8622A2BBE3C0088A857 /* HikeView.swift in Sources */,
				EC245BAD2A2A83EC00160D83 /* LandmarkDetail.swift in Sources */,
				EC1B215F2A2B764A002B93F1 /* BadgeBackground.swift in Sources */,
				EC245B9C2A2A6E7900160D83 /* CircleImage.swift in Sources */,
				EC245BA22A2A774200160D83 /* Landmark.swift in Sources */,
				EC245BA92A2A820B00160D83 /* LandmarkRow.swift in Sources */,
				EC245BA42A2A7B9A00160D83 /* ModelData.swift in Sources */,
			);
			runOnlyForDeploymentPostprocessing = 0;
		};
/* End PBXSourcesBuildPhase section */

/* Begin XCBuildConfiguration section */
		EC245B962A2A5C4600160D83 /* Debug */ = {
			isa = XCBuildConfiguration;
			buildSettings = {
				ALWAYS_SEARCH_USER_PATHS = NO;
				CLANG_ANALYZER_NONNULL = YES;
				CLANG_ANALYZER_NUMBER_OBJECT_CONVERSION = YES_AGGRESSIVE;
				CLANG_CXX_LANGUAGE_STANDARD = "gnu++20";
				CLANG_ENABLE_MODULES = YES;
				CLANG_ENABLE_OBJC_ARC = YES;
				CLANG_ENABLE_OBJC_WEAK = YES;
				CLANG_WARN_BLOCK_CAPTURE_AUTORELEASING = YES;
				CLANG_WARN_BOOL_CONVERSION = YES;
				CLANG_WARN_COMMA = YES;
				CLANG_WARN_CONSTANT_CONVERSION = YES;
				CLANG_WARN_DEPRECATED_OBJC_IMPLEMENTATIONS = YES;
				CLANG_WARN_DIRECT_OBJC_ISA_USAGE = YES_ERROR;
				CLANG_WARN_DOCUMENTATION_COMMENTS = YES;
				CLANG_WARN_EMPTY_BODY = YES;
				CLANG_WARN_ENUM_CONVERSION = YES;
				CLANG_WARN_INFINITE_RECURSION = YES;
				CLANG_WARN_INT_CONVERSION = YES;
				CLANG_WARN_NON_LITERAL_NULL_CONVERSION = YES;
				CLANG_WARN_OBJC_IMPLICIT_RETAIN_SELF = YES;
				CLANG_WARN_OBJC_LITERAL_CONVERSION = YES;
				CLANG_WARN_OBJC_ROOT_CLASS = YES_ERROR;
				CLANG_WARN_QUOTED_INCLUDE_IN_FRAMEWORK_HEADER = YES;
				CLANG_WARN_RANGE_LOOP_ANALYSIS = YES;
				CLANG_WARN_STRICT_PROTOTYPES = YES;
				CLANG_WARN_SUSPICIOUS_MOVE = YES;
				CLANG_WARN_UNGUARDED_AVAILABILITY = YES_AGGRESSIVE;
				CLANG_WARN_UNREACHABLE_CODE = YES;
				CLANG_WARN__DUPLICATE_METHOD_MATCH = YES;
				COPY_PHASE_STRIP = NO;
				DEBUG_INFORMATION_FORMAT = dwarf;
				ENABLE_STRICT_OBJC_MSGSEND = YES;
				ENABLE_TESTABILITY = YES;
				GCC_C_LANGUAGE_STANDARD = gnu11;
				GCC_DYNAMIC_NO_PIC = NO;
				GCC_NO_COMMON_BLOCKS = YES;
				GCC_OPTIMIZATION_LEVEL = 0;
				GCC_PREPROCESSOR_DEFINITIONS = (
					"DEBUG=1",
					"$(inherited)",
				);
				GCC_WARN_64_TO_32_BIT_CONVERSION = YES;
				GCC_WARN_ABOUT_RETURN_TYPE = YES_ERROR;
				GCC_WARN_UNDECLARED_SELECTOR = YES;
				GCC_WARN_UNINITIALIZED_AUTOS = YES_AGGRESSIVE;
				GCC_WARN_UNUSED_FUNCTION = YES;
				GCC_WARN_UNUSED_VARIABLE = YES;
				IPHONEOS_DEPLOYMENT_TARGET = 16.4;
				MTL_ENABLE_DEBUG_INFO = INCLUDE_SOURCE;
				MTL_FAST_MATH = YES;
				ONLY_ACTIVE_ARCH = YES;
				SDKROOT = iphoneos;
				SWIFT_ACTIVE_COMPILATION_CONDITIONS = DEBUG;
				SWIFT_OPTIMIZATION_LEVEL = "-Onone";
			};
			name = Debug;
		};
		EC245B972A2A5C4600160D83 /* Release */ = {
			isa = XCBuildConfiguration;
			buildSettings = {
				ALWAYS_SEARCH_USER_PATHS = NO;
				CLANG_ANALYZER_NONNULL = YES;
				CLANG_ANALYZER_NUMBER_OBJECT_CONVERSION = YES_AGGRESSIVE;
				CLANG_CXX_LANGUAGE_STANDARD = "gnu++20";
				CLANG_ENABLE_MODULES = YES;
				CLANG_ENABLE_OBJC_ARC = YES;
				CLANG_ENABLE_OBJC_WEAK = YES;
				CLANG_WARN_BLOCK_CAPTURE_AUTORELEASING = YES;
				CLANG_WARN_BOOL_CONVERSION = YES;
				CLANG_WARN_COMMA = YES;
				CLANG_WARN_CONSTANT_CONVERSION = YES;
				CLANG_WARN_DEPRECATED_OBJC_IMPLEMENTATIONS = YES;
				CLANG_WARN_DIRECT_OBJC_ISA_USAGE = YES_ERROR;
				CLANG_WARN_DOCUMENTATION_COMMENTS = YES;
				CLANG_WARN_EMPTY_BODY = YES;
				CLANG_WARN_ENUM_CONVERSION = YES;
				CLANG_WARN_INFINITE_RECURSION = YES;
				CLANG_WARN_INT_CONVERSION = YES;
				CLANG_WARN_NON_LITERAL_NULL_CONVERSION = YES;
				CLANG_WARN_OBJC_IMPLICIT_RETAIN_SELF = YES;
				CLANG_WARN_OBJC_LITERAL_CONVERSION = YES;
				CLANG_WARN_OBJC_ROOT_CLASS = YES_ERROR;
				CLANG_WARN_QUOTED_INCLUDE_IN_FRAMEWORK_HEADER = YES;
				CLANG_WARN_RANGE_LOOP_ANALYSIS = YES;
				CLANG_WARN_STRICT_PROTOTYPES = YES;
				CLANG_WARN_SUSPICIOUS_MOVE = YES;
				CLANG_WARN_UNGUARDED_AVAILABILITY = YES_AGGRESSIVE;
				CLANG_WARN_UNREACHABLE_CODE = YES;
				CLANG_WARN__DUPLICATE_METHOD_MATCH = YES;
				COPY_PHASE_STRIP = NO;
				DEBUG_INFORMATION_FORMAT = "dwarf-with-dsym";
				ENABLE_NS_ASSERTIONS = NO;
				ENABLE_STRICT_OBJC_MSGSEND = YES;
				GCC_C_LANGUAGE_STANDARD = gnu11;
				GCC_NO_COMMON_BLOCKS = YES;
				GCC_WARN_64_TO_32_BIT_CONVERSION = YES;
				GCC_WARN_ABOUT_RETURN_TYPE = YES_ERROR;
				GCC_WARN_UNDECLARED_SELECTOR = YES;
				GCC_WARN_UNINITIALIZED_AUTOS = YES_AGGRESSIVE;
				GCC_WARN_UNUSED_FUNCTION = YES;
				GCC_WARN_UNUSED_VARIABLE = YES;
				IPHONEOS_DEPLOYMENT_TARGET = 16.4;
				MTL_ENABLE_DEBUG_INFO = NO;
				MTL_FAST_MATH = YES;
				SDKROOT = iphoneos;
				SWIFT_COMPILATION_MODE = wholemodule;
				SWIFT_OPTIMIZATION_LEVEL = "-O";
				VALIDATE_PRODUCT = YES;
			};
			name = Release;
		};
		EC245B992A2A5C4600160D83 /* Debug */ = {
			isa = XCBuildConfiguration;
			buildSettings = {
				ASSETCATALOG_COMPILER_APPICON_NAME = AppIcon;
				ASSETCATALOG_COMPILER_GLOBAL_ACCENT_COLOR_NAME = AccentColor;
				CODE_SIGN_STYLE = Automatic;
				CURRENT_PROJECT_VERSION = 1;
				DEVELOPMENT_ASSET_PATHS = "\"SwiftUITutorial/Preview Content\"";
				DEVELOPMENT_TEAM = BDA5B46YKX;
				ENABLE_PREVIEWS = YES;
				GENERATE_INFOPLIST_FILE = YES;
				INFOPLIST_KEY_UIApplicationSceneManifest_Generation = YES;
				INFOPLIST_KEY_UIApplicationSupportsIndirectInputEvents = YES;
				INFOPLIST_KEY_UILaunchScreen_Generation = YES;
				INFOPLIST_KEY_UISupportedInterfaceOrientations_iPad = "UIInterfaceOrientationPortrait UIInterfaceOrientationPortraitUpsideDown UIInterfaceOrientationLandscapeLeft UIInterfaceOrientationLandscapeRight";
				INFOPLIST_KEY_UISupportedInterfaceOrientations_iPhone = "UIInterfaceOrientationPortrait UIInterfaceOrientationLandscapeLeft UIInterfaceOrientationLandscapeRight";
				LD_RUNPATH_SEARCH_PATHS = (
					"$(inherited)",
					"@executable_path/Frameworks",
				);
				MARKETING_VERSION = 1.0;
				PRODUCT_BUNDLE_IDENTIFIER = com.cr0k0.SwiftUITutorial;
				PRODUCT_NAME = "$(TARGET_NAME)";
				SWIFT_EMIT_LOC_STRINGS = YES;
				SWIFT_VERSION = 5.0;
				TARGETED_DEVICE_FAMILY = "1,2";
			};
			name = Debug;
		};
		EC245B9A2A2A5C4600160D83 /* Release */ = {
			isa = XCBuildConfiguration;
			buildSettings = {
				ASSETCATALOG_COMPILER_APPICON_NAME = AppIcon;
				ASSETCATALOG_COMPILER_GLOBAL_ACCENT_COLOR_NAME = AccentColor;
				CODE_SIGN_STYLE = Automatic;
				CURRENT_PROJECT_VERSION = 1;
				DEVELOPMENT_ASSET_PATHS = "\"SwiftUITutorial/Preview Content\"";
				DEVELOPMENT_TEAM = BDA5B46YKX;
				ENABLE_PREVIEWS = YES;
				GENERATE_INFOPLIST_FILE = YES;
				INFOPLIST_KEY_UIApplicationSceneManifest_Generation = YES;
				INFOPLIST_KEY_UIApplicationSupportsIndirectInputEvents = YES;
				INFOPLIST_KEY_UILaunchScreen_Generation = YES;
				INFOPLIST_KEY_UISupportedInterfaceOrientations_iPad = "UIInterfaceOrientationPortrait UIInterfaceOrientationPortraitUpsideDown UIInterfaceOrientationLandscapeLeft UIInterfaceOrientationLandscapeRight";
				INFOPLIST_KEY_UISupportedInterfaceOrientations_iPhone = "UIInterfaceOrientationPortrait UIInterfaceOrientationLandscapeLeft UIInterfaceOrientationLandscapeRight";
				LD_RUNPATH_SEARCH_PATHS = (
					"$(inherited)",
					"@executable_path/Frameworks",
				);
				MARKETING_VERSION = 1.0;
				PRODUCT_BUNDLE_IDENTIFIER = com.cr0k0.SwiftUITutorial;
				PRODUCT_NAME = "$(TARGET_NAME)";
				SWIFT_EMIT_LOC_STRINGS = YES;
				SWIFT_VERSION = 5.0;
				TARGETED_DEVICE_FAMILY = "1,2";
			};
			name = Release;
		};
/* End XCBuildConfiguration section */

/* Begin XCConfigurationList section */
		EC245B852A2A5C4400160D83 /* Build configuration list for PBXProject "SwiftUITutorial" */ = {
			isa = XCConfigurationList;
			buildConfigurations = (
				EC245B962A2A5C4600160D83 /* Debug */,
				EC245B972A2A5C4600160D83 /* Release */,
			);
			defaultConfigurationIsVisible = 0;
			defaultConfigurationName = Release;
		};
		EC245B982A2A5C4600160D83 /* Build configuration list for PBXNativeTarget "SwiftUITutorial" */ = {
			isa = XCConfigurationList;
			buildConfigurations = (
				EC245B992A2A5C4600160D83 /* Debug */,
				EC245B9A2A2A5C4600160D83 /* Release */,
			);
			defaultConfigurationIsVisible = 0;
			defaultConfigurationName = Release;
		};
/* End XCConfigurationList section */
	};
	rootObject = EC245B822A2A5C4400160D83 /* Project object */;
}
